// !$*UTF8*$!
// TEST FIXTURE -- exactly ONE native target, and it is not the one the shared
// scheme's TestAction names. That is the food-diary finding in miniature: the
// scheme asks for `PlaceholderTests`, this project contains no such target, and
// a test run on that scheme fails on a clean checkout.
{
	archiveVersion = 1;
	objectVersion = 54;
	objects = {

/* Begin PBXNativeTarget section */
		13B07F861A680F5B00A75B9A /* Placeholder */ = {
			isa = PBXNativeTarget;
			buildConfigurationList = 00E356EB1AD99517003FC87E;
			name = Placeholder;
			productName = Placeholder;
			productType = "com.apple.product-type.application";
		};
/* End PBXNativeTarget section */
	};
	rootObject = 83CBB9F71A601CBA00E9B192;
}
